
Microsoft Visual Studio Solution File, Format Version 12.00
# Visual Studio Version 16
VisualStudioVersion = 16.0.30611.23
MinimumVisualStudioVersion = 10.0.40219.1
Project("{FAE04EC0-301F-11D3-BF4B-00C04F79EFBC}") = "WebApp_AlpineSkiHouse", "WebApp_AlpineSkiHouse\WebApp_AlpineSkiHouse.csproj", "{ADD5CAA7-1515-45BA-AB2B-6B41D2C702AF}"
EndProject
Global
	GlobalSection(SolutionConfigurationPlatforms) = preSolution
		Debug|Any CPU = Debug|Any CPU
		Release|Any CPU = Release|Any CPU
	EndGlobalSection
	GlobalSection(ProjectConfigurationPlatforms) = postSolution
		{ADD5CAA7-1515-45BA-AB2B-6B41D2C702AF}.Debug|Any CPU.ActiveCfg = Debug|Any CPU
		{ADD5CAA7-1515-45BA-AB2B-6B41D2C702AF}.Debug|Any CPU.Build.0 = Debug|Any CPU
		{ADD5CAA7-1515-45BA-AB2B-6B41D2C702AF}.Release|Any CPU.ActiveCfg = Release|Any CPU
		{ADD5CAA7-1515-45BA-AB2B-6B41D2C702AF}.Release|Any CPU.Build.0 = Release|Any CPU
	EndGlobalSection
	GlobalSection(SolutionProperties) = preSolution
		HideSolutionNode = FALSE
	EndGlobalSection
	GlobalSection(ExtensibilityGlobals) = postSolution
		SolutionGuid = {50E957D1-90F7-40F1-A064-227193DFB104}
	EndGlobalSection
EndGlobal
